
Microsoft Visual Studio Solution File, Format Version 12.00
# Visual Studio Version 17
VisualStudioVersion = 17.10.35013.160
MinimumVisualStudioVersion = 10.0.40219.1
Project("{9A19103F-16F7-4668-BE54-9A1E7A4F7556}") = "API", "API\API.csproj", "{8660B257-B648-4531-8A3A-B39DCD556F6D}"
EndProject
Project("{9A19103F-16F7-4668-BE54-9A1E7A4F7556}") = "Application", "Application\Application.csproj", "{6837F59F-11E5-44B3-8C6D-31AA2EF83925}"
EndProject
Project("{9A19103F-16F7-4668-BE54-9A1E7A4F7556}") = "Domain", "Domain\Domain.csproj", "{96A66507-4EAD-465E-AAE6-1C91114D7A02}"
EndProject
Project("{9A19103F-16F7-4668-BE54-9A1E7A4F7556}") = "Infra", "Infra\Infra.csproj", "{F19D08BD-9C27-4C72-B497-CEAFCF5962ED}"
EndProject
Project("{9A19103F-16F7-4668-BE54-9A1E7A4F7556}") = "Tests", "Tests\Tests.csproj", "{712F681B-412D-4F87-945B-3BF3F7B3BDB2}"
EndProject
Project("{9A19103F-16F7-4668-BE54-9A1E7A4F7556}") = "Common", "Common\Common.csproj", "{B8D1CCE0-21EA-4DF1-A2A8-C6F3416043FD}"
EndProject
Project("{2150E333-8FDC-42A3-9474-1A3956D46DE8}") = "SolutionItems", "SolutionItems", "{1CABF5C0-15A9-401F-B2F5-994014AEE08D}"
	ProjectSection(SolutionItems) = preProject
		artillery_test.yml = artillery_test.yml
		.github\workflows\ci.yml = .github\workflows\ci.yml
		docker-compose.yml = docker-compose.yml
		Dockerfile = Dockerfile
		prometheus.yml = prometheus.yml
		README.md = README.md
	EndProjectSection
EndProject
Global
	GlobalSection(SolutionConfigurationPlatforms) = preSolution
		Debug|Any CPU = Debug|Any CPU
		Release|Any CPU = Release|Any CPU
	EndGlobalSection
	GlobalSection(ProjectConfigurationPlatforms) = postSolution
		{8660B257-B648-4531-8A3A-B39DCD556F6D}.Debug|Any CPU.ActiveCfg = Debug|Any CPU
		{8660B257-B648-4531-8A3A-B39DCD556F6D}.Debug|Any CPU.Build.0 = Debug|Any CPU
		{8660B257-B648-4531-8A3A-B39DCD556F6D}.Release|Any CPU.ActiveCfg = Release|Any CPU
		{8660B257-B648-4531-8A3A-B39DCD556F6D}.Release|Any CPU.Build.0 = Release|Any CPU
		{6837F59F-11E5-44B3-8C6D-31AA2EF83925}.Debug|Any CPU.ActiveCfg = Debug|Any CPU
		{6837F59F-11E5-44B3-8C6D-31AA2EF83925}.Debug|Any CPU.Build.0 = Debug|Any CPU
		{6837F59F-11E5-44B3-8C6D-31AA2EF83925}.Release|Any CPU.ActiveCfg = Release|Any CPU
		{6837F59F-11E5-44B3-8C6D-31AA2EF83925}.Release|Any CPU.Build.0 = Release|Any CPU
		{96A66507-4EAD-465E-AAE6-1C91114D7A02}.Debug|Any CPU.ActiveCfg = Debug|Any CPU
		{96A66507-4EAD-465E-AAE6-1C91114D7A02}.Debug|Any CPU.Build.0 = Debug|Any CPU
		{96A66507-4EAD-465E-AAE6-1C91114D7A02}.Release|Any CPU.ActiveCfg = Release|Any CPU
		{96A66507-4EAD-465E-AAE6-1C91114D7A02}.Release|Any CPU.Build.0 = Release|Any CPU
		{F19D08BD-9C27-4C72-B497-CEAFCF5962ED}.Debug|Any CPU.ActiveCfg = Debug|Any CPU
		{F19D08BD-9C27-4C72-B497-CEAFCF5962ED}.Debug|Any CPU.Build.0 = Debug|Any CPU
		{F19D08BD-9C27-4C72-B497-CEAFCF5962ED}.Release|Any CPU.ActiveCfg = Release|Any CPU
		{F19D08BD-9C27-4C72-B497-CEAFCF5962ED}.Release|Any CPU.Build.0 = Release|Any CPU
		{712F681B-412D-4F87-945B-3BF3F7B3BDB2}.Debug|Any CPU.ActiveCfg = Debug|Any CPU
		{712F681B-412D-4F87-945B-3BF3F7B3BDB2}.Debug|Any CPU.Build.0 = Debug|Any CPU
		{712F681B-412D-4F87-945B-3BF3F7B3BDB2}.Release|Any CPU.ActiveCfg = Release|Any CPU
		{712F681B-412D-4F87-945B-3BF3F7B3BDB2}.Release|Any CPU.Build.0 = Release|Any CPU
		{B8D1CCE0-21EA-4DF1-A2A8-C6F3416043FD}.Debug|Any CPU.ActiveCfg = Debug|Any CPU
		{B8D1CCE0-21EA-4DF1-A2A8-C6F3416043FD}.Debug|Any CPU.Build.0 = Debug|Any CPU
		{B8D1CCE0-21EA-4DF1-A2A8-C6F3416043FD}.Release|Any CPU.ActiveCfg = Release|Any CPU
		{B8D1CCE0-21EA-4DF1-A2A8-C6F3416043FD}.Release|Any CPU.Build.0 = Release|Any CPU
	EndGlobalSection
	GlobalSection(SolutionProperties) = preSolution
		HideSolutionNode = FALSE
	EndGlobalSection
	GlobalSection(ExtensibilityGlobals) = postSolution
		SolutionGuid = {27CE9453-3B81-4B4C-8332-AB25CBA777F8}
	EndGlobalSection
EndGlobal
